
Microsoft Visual Studio Solution File, Format Version 12.00
# Visual Studio Version 17
VisualStudioVersion = 17.7.34202.233
MinimumVisualStudioVersion = 10.0.40219.1
Project("{FAE04EC0-301F-11D3-BF4B-00C04F79EFBC}") = "MyTemplates", "MyTemplates\MyTemplates.csproj", "{C9BEDFB8-2CBC-4141-A53D-C2780A401BEB}"
EndProject
Global
	GlobalSection(SolutionConfigurationPlatforms) = preSolution
		Debug|Any CPU = Debug|Any CPU
		Release|Any CPU = Release|Any CPU
	EndGlobalSection
	GlobalSection(ProjectConfigurationPlatforms) = postSolution
		{C9BEDFB8-2CBC-4141-A53D-C2780A401BEB}.Debug|Any CPU.ActiveCfg = Debug|Any CPU
		{C9BEDFB8-2CBC-4141-A53D-C2780A401BEB}.Debug|Any CPU.Build.0 = Debug|Any CPU
		{C9BEDFB8-2CBC-4141-A53D-C2780A401BEB}.Release|Any CPU.ActiveCfg = Release|Any CPU
		{C9BEDFB8-2CBC-4141-A53D-C2780A401BEB}.Release|Any CPU.Build.0 = Release|Any CPU
	EndGlobalSection
	GlobalSection(SolutionProperties) = preSolution
		HideSolutionNode = FALSE
	EndGlobalSection
	GlobalSection(ExtensibilityGlobals) = postSolution
		SolutionGuid = {A4F44848-0744-4D3F-9775-51DE5E95ECC6}
	EndGlobalSection
EndGlobal
